
Microsoft Visual Studio Solution File, Format Version 12.00
# Visual Studio 15
VisualStudioVersion = 15.0.27703.2035
MinimumVisualStudioVersion = 10.0.40219.1
Project("{FAE04EC0-301F-11D3-BF4B-00C04F79EFBC}") = "Patterns_03", "Patterns_03.csproj", "{6841D07E-CAFD-4675-A955-4AD8C27B27AE}"
EndProject
Global
	GlobalSection(SolutionConfigurationPlatforms) = preSolution
		Debug|Any CPU = Debug|Any CPU
		Release|Any CPU = Release|Any CPU
	EndGlobalSection
	GlobalSection(ProjectConfigurationPlatforms) = postSolution
		{6841D07E-CAFD-4675-A955-4AD8C27B27AE}.Debug|Any CPU.ActiveCfg = Debug|Any CPU
		{6841D07E-CAFD-4675-A955-4AD8C27B27AE}.Debug|Any CPU.Build.0 = Debug|Any CPU
		{6841D07E-CAFD-4675-A955-4AD8C27B27AE}.Release|Any CPU.ActiveCfg = Release|Any CPU
		{6841D07E-CAFD-4675-A955-4AD8C27B27AE}.Release|Any CPU.Build.0 = Release|Any CPU
	EndGlobalSection
	GlobalSection(SolutionProperties) = preSolution
		HideSolutionNode = FALSE
	EndGlobalSection
	GlobalSection(ExtensibilityGlobals) = postSolution
		SolutionGuid = {60BFADFE-C990-4648-B8E0-CA696A497373}
	EndGlobalSection
EndGlobal
